
Microsoft Visual Studio Solution File, Format Version 12.00
# Visual Studio Version 17
VisualStudioVersion = 17.11.35327.3
MinimumVisualStudioVersion = 10.0.40219.1
Project("{FAE04EC0-301F-11D3-BF4B-00C04F79EFBC}") = "ExamQAFinal", "ExamQAFinal\ExamQAFinal.csproj", "{C32C364B-757B-4D57-A10B-0FA374832F46}"
EndProject
Global
	GlobalSection(SolutionConfigurationPlatforms) = preSolution
		Debug|Any CPU = Debug|Any CPU
		Release|Any CPU = Release|Any CPU
	EndGlobalSection
	GlobalSection(ProjectConfigurationPlatforms) = postSolution
		{C32C364B-757B-4D57-A10B-0FA374832F46}.Debug|Any CPU.ActiveCfg = Debug|Any CPU
		{C32C364B-757B-4D57-A10B-0FA374832F46}.Debug|Any CPU.Build.0 = Debug|Any CPU
		{C32C364B-757B-4D57-A10B-0FA374832F46}.Release|Any CPU.ActiveCfg = Release|Any CPU
		{C32C364B-757B-4D57-A10B-0FA374832F46}.Release|Any CPU.Build.0 = Release|Any CPU
	EndGlobalSection
	GlobalSection(SolutionProperties) = preSolution
		HideSolutionNode = FALSE
	EndGlobalSection
	GlobalSection(ExtensibilityGlobals) = postSolution
		SolutionGuid = {978A9571-B6BA-48E5-91E4-89F66A7D6200}
	EndGlobalSection
EndGlobal
